
Microsoft Visual Studio Solution File, Format Version 12.00
# Visual Studio Version 16
VisualStudioVersion = 16.0.30028.174
MinimumVisualStudioVersion = 10.0.40219.1
Project("{FAE04EC0-301F-11D3-BF4B-00C04F79EFBC}") = "Crypto.Assistant.WebAPI", "Crypto.Assistant.WebAPI\Crypto.Assistant.WebAPI.csproj", "{8C016E47-0180-415C-80F1-6BC85CF2170A}"
EndProject
Project("{FAE04EC0-301F-11D3-BF4B-00C04F79EFBC}") = "Crypto.Assistant.DAC", "Crypto.Assistant.DAC\Crypto.Assistant.DAC.csproj", "{7FF1630A-FD88-4FE3-86ED-01D88318540A}"
EndProject
Global
	GlobalSection(SolutionConfigurationPlatforms) = preSolution
		Debug|Any CPU = Debug|Any CPU
		Release|Any CPU = Release|Any CPU
	EndGlobalSection
	GlobalSection(ProjectConfigurationPlatforms) = postSolution
		{8C016E47-0180-415C-80F1-6BC85CF2170A}.Debug|Any CPU.ActiveCfg = Debug|Any CPU
		{8C016E47-0180-415C-80F1-6BC85CF2170A}.Debug|Any CPU.Build.0 = Debug|Any CPU
		{8C016E47-0180-415C-80F1-6BC85CF2170A}.Release|Any CPU.ActiveCfg = Release|Any CPU
		{8C016E47-0180-415C-80F1-6BC85CF2170A}.Release|Any CPU.Build.0 = Release|Any CPU
		{7FF1630A-FD88-4FE3-86ED-01D88318540A}.Debug|Any CPU.ActiveCfg = Debug|Any CPU
		{7FF1630A-FD88-4FE3-86ED-01D88318540A}.Debug|Any CPU.Build.0 = Debug|Any CPU
		{7FF1630A-FD88-4FE3-86ED-01D88318540A}.Release|Any CPU.ActiveCfg = Release|Any CPU
		{7FF1630A-FD88-4FE3-86ED-01D88318540A}.Release|Any CPU.Build.0 = Release|Any CPU
	EndGlobalSection
	GlobalSection(SolutionProperties) = preSolution
		HideSolutionNode = FALSE
	EndGlobalSection
	GlobalSection(ExtensibilityGlobals) = postSolution
		SolutionGuid = {3A0CBDA3-5FA2-4344-B974-9817011848C7}
	EndGlobalSection
EndGlobal
